// !$*UTF8*$!
{
	archiveVersion = 1;
	classes = {
	};
	objectVersion = 50;
	objects = {

/* Begin PBXBuildFile section */
		4FBDD937209AB1FA00C6D3A7 /* AppDelegate.swift in Sources */ = {isa = PBXBuildFile; fileRef = 4FBDD936209AB1FA00C6D3A7 /* AppDelegate.swift */; };
		4FBDD939209AB1FA00C6D3A7 /* ViewController.swift in Sources */ = {isa = PBXBuildFile; fileRef = 4FBDD938209AB1FA00C6D3A7 /* ViewController.swift */; };
		4FBDD93C209AB1FA00C6D3A7 /* Main.storyboard in Resources */ = {isa = PBXBuildFile; fileRef = 4FBDD93A209AB1FA00C6D3A7 /* Main.storyboard */; };
		4FBDD93E209AB1FD00C6D3A7 /* Assets.xcassets in Resources */ = {isa = PBXBuildFile; fileRef = 4FBDD93D209AB1FD00C6D3A7 /* Assets.xcassets */; };
		4FBDD941209AB1FD00C6D3A7 /* LaunchScreen.storyboard in Resources */ = {isa = PBXBuildFile; fileRef = 4FBDD93F209AB1FD00C6D3A7 /* LaunchScreen.storyboard */; };
		4FBDD949209AB22D00C6D3A7 /* DynamicBannerView.swift in Sources */ = {isa = PBXBuildFile; fileRef = 4FBDD948209AB22D00C6D3A7 /* DynamicBannerView.swift */; };
/* End PBXBuildFile section */

/* Begin PBXFileReference section */
		4FBDD933209AB1FA00C6D3A7 /* DynamicBannerView.app */ = {isa = PBXFileReference; explicitFileType = wrapper.application; includeInIndex = 0; path = DynamicBannerView.app; sourceTree = BUILT_PRODUCTS_DIR; };
		4FBDD936209AB1FA00C6D3A7 /* AppDelegate.swift */ = {isa = PBXFileReference; lastKnownFileType = sourcecode.swift; path = AppDelegate.swift; sourceTree = "<group>"; };
		4FBDD938209AB1FA00C6D3A7 /* ViewController.swift */ = {isa = PBXFileReference; lastKnownFileType = sourcecode.swift; path = ViewController.swift; sourceTree = "<group>"; };
		4FBDD93B209AB1FA00C6D3A7 /* Base */ = {isa = PBXFileReference; lastKnownFileType = file.storyboard; name = Base; path = Base.lproj/Main.storyboard; sourceTree = "<group>"; };
		4FBDD93D209AB1FD00C6D3A7 /* Assets.xcassets */ = {isa = PBXFileReference; lastKnownFileType = folder.assetcatalog; path = Assets.xcassets; sourceTree = "<group>"; };
		4FBDD940209AB1FD00C6D3A7 /* Base */ = {isa = PBXFileReference; lastKnownFileType = file.storyboard; name = Base; path = Base.lproj/LaunchScreen.storyboard; sourceTree = "<group>"; };
		4FBDD942209AB1FD00C6D3A7 /* Info.plist */ = {isa = PBXFileReference; lastKnownFileType = text.plist.xml; path = Info.plist; sourceTree = "<group>"; };
		4FBDD948209AB22D00C6D3A7 /* DynamicBannerView.swift */ = {isa = PBXFileReference; lastKnownFileType = sourcecode.swift; path = DynamicBannerView.swift; sourceTree = "<group>"; };
/* End PBXFileReference section */

/* Begin PBXFrameworksBuildPhase section */
		4FBDD930209AB1FA00C6D3A7 /* Frameworks */ = {
			isa = PBXFrameworksBuildPhase;
			buildActionMask = 2147483647;
			files = (
			);
			runOnlyForDeploymentPostprocessing = 0;
		};
/* End PBXFrameworksBuildPhase section */

/* Begin PBXGroup section */
		4FBDD92A209AB1FA00C6D3A7 = {
			isa = PBXGroup;
			children = (
				4FBDD935209AB1FA00C6D3A7 /* DynamicBannerView */,
				4FBDD934209AB1FA00C6D3A7 /* Products */,
			);
			sourceTree = "<group>";
		};
		4FBDD934209AB1FA00C6D3A7 /* Products */ = {
			isa = PBXGroup;
			children = (
				4FBDD933209AB1FA00C6D3A7 /* DynamicBannerView.app */,
			);
			name = Products;
			sourceTree = "<group>";
		};
		4FBDD935209AB1FA00C6D3A7 /* DynamicBannerView */ = {
			isa = PBXGroup;
			children = (
				4FBDD936209AB1FA00C6D3A7 /* AppDelegate.swift */,
				4FBDD948209AB22D00C6D3A7 /* DynamicBannerView.swift */,
				4FBDD938209AB1FA00C6D3A7 /* ViewController.swift */,
				4FBDD93A209AB1FA00C6D3A7 /* Main.storyboard */,
				4FBDD93D209AB1FD00C6D3A7 /* Assets.xcassets */,
				4FBDD93F209AB1FD00C6D3A7 /* LaunchScreen.storyboard */,
				4FBDD942209AB1FD00C6D3A7 /* Info.plist */,
			);
			path = DynamicBannerView;
			sourceTree = "<group>";
		};
/* End PBXGroup section */

/* Begin PBXNativeTarget section */
		4FBDD932209AB1FA00C6D3A7 /* DynamicBannerView */ = {
			isa = PBXNativeTarget;
			buildConfigurationList = 4FBDD945209AB1FD00C6D3A7 /* Build configuration list for PBXNativeTarget "DynamicBannerView" */;
			buildPhases = (
				4FBDD92F209AB1FA00C6D3A7 /* Sources */,
				4FBDD930209AB1FA00C6D3A7 /* Frameworks */,
				4FBDD931209AB1FA00C6D3A7 /* Resources */,
			);
			buildRules = (
			);
			dependencies = (
			);
			name = DynamicBannerView;
			productName = DynamicBannerView;
			productReference = 4FBDD933209AB1FA00C6D3A7 /* DynamicBannerView.app */;
			productType = "com.apple.product-type.application";
		};
/* End PBXNativeTarget section */

/* Begin PBXProject section */
		4FBDD92B209AB1FA00C6D3A7 /* Project object */ = {
			isa = PBXProject;
			attributes = {
				LastSwiftUpdateCheck = 0930;
				LastUpgradeCheck = 0930;
				ORGANIZATIONNAME = james12345;
				TargetAttributes = {
					4FBDD932209AB1FA00C6D3A7 = {
						CreatedOnToolsVersion = 9.3;
					};
				};
			};
			buildConfigurationList = 4FBDD92E209AB1FA00C6D3A7 /* Build configuration list for PBXProject "DynamicBannerView" */;
			compatibilityVersion = "Xcode 9.3";
			developmentRegion = en;
			hasScannedForEncodings = 0;
			knownRegions = (
				en,
				Base,
			);
			mainGroup = 4FBDD92A209AB1FA00C6D3A7;
			productRefGroup = 4FBDD934209AB1FA00C6D3A7 /* Products */;
			projectDirPath = "";
			projectRoot = "";
			targets = (
				4FBDD932209AB1FA00C6D3A7 /* DynamicBannerView */,
			);
		};
/* End PBXProject section */

/* Begin PBXResourcesBuildPhase section */
		4FBDD931209AB1FA00C6D3A7 /* Resources */ = {
			isa = PBXResourcesBuildPhase;
			buildActionMask = 2147483647;
			files = (
				4FBDD941209AB1FD00C6D3A7 /* LaunchScreen.storyboard in Resources */,
				4FBDD93E209AB1FD00C6D3A7 /* Assets.xcassets in Resources */,
				4FBDD93C209AB1FA00C6D3A7 /* Main.storyboard in Resources */,
			);
			runOnlyForDeploymentPostprocessing = 0;
		};
/* End PBXResourcesBuildPhase section */

/* Begin PBXSourcesBuildPhase section */
		4FBDD92F209AB1FA00C6D3A7 /* Sources */ = {
			isa = PBXSourcesBuildPhase;
			buildActionMask = 2147483647;
			files = (
				4FBDD939209AB1FA00C6D3A7 /* ViewController.swift in Sources */,
				4FBDD949209AB22D00C6D3A7 /* DynamicBannerView.swift in Sources */,
				4FBDD937209AB1FA00C6D3A7 /* AppDelegate.swift in Sources */,
			);
			runOnlyForDeploymentPostprocessing = 0;
		};
/* End PBXSourcesBuildPhase section */

/* Begin PBXVariantGroup section */
		4FBDD93A209AB1FA00C6D3A7 /* Main.storyboard */ = {
			isa = PBXVariantGroup;
			children = (
				4FBDD93B209AB1FA00C6D3A7 /* Base */,
			);
			name = Main.storyboard;
			sourceTree = "<group>";
		};
		4FBDD93F209AB1FD00C6D3A7 /* LaunchScreen.storyboard */ = {
			isa = PBXVariantGroup;
			children = (
				4FBDD940209AB1FD00C6D3A7 /* Base */,
			);
			name = LaunchScreen.storyboard;
			sourceTree = "<group>";
		};
/* End PBXVariantGroup section */

/* Begin XCBuildConfiguration section */
		4FBDD943209AB1FD00C6D3A7 /* Debug */ = {
			isa = XCBuildConfiguration;
			buildSettings = {
				ALWAYS_SEARCH_USER_PATHS = NO;
				CLANG_ANALYZER_NONNULL = YES;
				CLANG_ANALYZER_NUMBER_OBJECT_CONVERSION = YES_AGGRESSIVE;
				CLANG_CXX_LANGUAGE_STANDARD = "gnu++14";
				CLANG_CXX_LIBRARY = "libc++";
				CLANG_ENABLE_MODULES = YES;
				CLANG_ENABLE_OBJC_ARC = YES;
				CLANG_ENABLE_OBJC_WEAK = YES;
				CLANG_WARN_BLOCK_CAPTURE_AUTORELEASING = YES;
				CLANG_WARN_BOOL_CONVERSION = YES;
				CLANG_WARN_COMMA = YES;
				CLANG_WARN_CONSTANT_CONVERSION = YES;
				CLANG_WARN_DEPRECATED_OBJC_IMPLEMENTATIONS = YES;
				CLANG_WARN_DIRECT_OBJC_ISA_USAGE = YES_ERROR;
				CLANG_WARN_DOCUMENTATION_COMMENTS = YES;
				CLANG_WARN_EMPTY_BODY = YES;
				CLANG_WARN_ENUM_CONVERSION = YES;
				CLANG_WARN_INFINITE_RECURSION = YES;
				CLANG_WARN_INT_CONVERSION = YES;
				CLANG_WARN_NON_LITERAL_NULL_CONVERSION = YES;
				CLANG_WARN_OBJC_IMPLICIT_RETAIN_SELF = YES;
				CLANG_WARN_OBJC_LITERAL_CONVERSION = YES;
				CLANG_WARN_OBJC_ROOT_CLASS = YES_ERROR;
				CLANG_WARN_RANGE_LOOP_ANALYSIS = YES;
				CLANG_WARN_STRICT_PROTOTYPES = YES;
				CLANG_WARN_SUSPICIOUS_MOVE = YES;
				CLANG_WARN_UNGUARDED_AVAILABILITY = YES_AGGRESSIVE;
				CLANG_WARN_UNREACHABLE_CODE = YES;
				CLANG_WARN__DUPLICATE_METHOD_MATCH = YES;
				CODE_SIGN_IDENTITY = "iPhone Developer";
				COPY_PHASE_STRIP = NO;
				DEBUG_INFORMATION_FORMAT = dwarf;
				ENABLE_STRICT_OBJC_MSGSEND = YES;
				ENABLE_TESTABILITY = YES;
				GCC_C_LANGUAGE_STANDARD = gnu11;
				GCC_DYNAMIC_NO_PIC = NO;
				GCC_NO_COMMON_BLOCKS = YES;
				GCC_OPTIMIZATION_LEVEL = 0;
				GCC_PREPROCESSOR_DEFINITIONS = (
					"DEBUG=1",
					"$(inherited)",
				);
				GCC_WARN_64_TO_32_BIT_CONVERSION = YES;
				GCC_WARN_ABOUT_RETURN_TYPE = YES_ERROR;
				GCC_WARN_UNDECLARED_SELECTOR = YES;
				GCC_WARN_UNINITIALIZED_AUTOS = YES_AGGRESSIVE;
				GCC_WARN_UNUSED_FUNCTION = YES;
				GCC_WARN_UNUSED_VARIABLE = YES;
				IPHONEOS_DEPLOYMENT_TARGET = 11.3;
				MTL_ENABLE_DEBUG_INFO = YES;
				ONLY_ACTIVE_ARCH = YES;
				SDKROOT = iphoneos;
				SWIFT_ACTIVE_COMPILATION_CONDITIONS = DEBUG;
				SWIFT_OPTIMIZATION_LEVEL = "-Onone";
			};
			name = Debug;
		};
		4FBDD944209AB1FD00C6D3A7 /* Release */ = {
			isa = XCBuildConfiguration;
			buildSettings = {
				ALWAYS_SEARCH_USER_PATHS = NO;
				CLANG_ANALYZER_NONNULL = YES;
				CLANG_ANALYZER_NUMBER_OBJECT_CONVERSION = YES_AGGRESSIVE;
				CLANG_CXX_LANGUAGE_STANDARD = "gnu++14";
				CLANG_CXX_LIBRARY = "libc++";
				CLANG_ENABLE_MODULES = YES;
				CLANG_ENABLE_OBJC_ARC = YES;
				CLANG_ENABLE_OBJC_WEAK = YES;
				CLANG_WARN_BLOCK_CAPTURE_AUTORELEASING = YES;
				CLANG_WARN_BOOL_CONVERSION = YES;
				CLANG_WARN_COMMA = YES;
				CLANG_WARN_CONSTANT_CONVERSION = YES;
				CLANG_WARN_DEPRECATED_OBJC_IMPLEMENTATIONS = YES;
				CLANG_WARN_DIRECT_OBJC_ISA_USAGE = YES_ERROR;
				CLANG_WARN_DOCUMENTATION_COMMENTS = YES;
				CLANG_WARN_EMPTY_BODY = YES;
				CLANG_WARN_ENUM_CONVERSION = YES;
				CLANG_WARN_INFINITE_RECURSION = YES;
				CLANG_WARN_INT_CONVERSION = YES;
				CLANG_WARN_NON_LITERAL_NULL_CONVERSION = YES;
				CLANG_WARN_OBJC_IMPLICIT_RETAIN_SELF = YES;
				CLANG_WARN_OBJC_LITERAL_CONVERSION = YES;
				CLANG_WARN_OBJC_ROOT_CLASS = YES_ERROR;
				CLANG_WARN_RANGE_LOOP_ANALYSIS = YES;
				CLANG_WARN_STRICT_PROTOTYPES = YES;
				CLANG_WARN_SUSPICIOUS_MOVE = YES;
				CLANG_WARN_UNGUARDED_AVAILABILITY = YES_AGGRESSIVE;
				CLANG_WARN_UNREACHABLE_CODE = YES;
				CLANG_WARN__DUPLICATE_METHOD_MATCH = YES;
				CODE_SIGN_IDENTITY = "iPhone Developer";
				COPY_PHASE_STRIP = NO;
				DEBUG_INFORMATION_FORMAT = "dwarf-with-dsym";
				ENABLE_NS_ASSERTIONS = NO;
				ENABLE_STRICT_OBJC_MSGSEND = YES;
				GCC_C_LANGUAGE_STANDARD = gnu11;
				GCC_NO_COMMON_BLOCKS = YES;
				GCC_WARN_64_TO_32_BIT_CONVERSION = YES;
				GCC_WARN_ABOUT_RETURN_TYPE = YES_ERROR;
				GCC_WARN_UNDECLARED_SELECTOR = YES;
				GCC_WARN_UNINITIALIZED_AUTOS = YES_AGGRESSIVE;
				GCC_WARN_UNUSED_FUNCTION = YES;
				GCC_WARN_UNUSED_VARIABLE = YES;
				IPHONEOS_DEPLOYMENT_TARGET = 11.3;
				MTL_ENABLE_DEBUG_INFO = NO;
				SDKROOT = iphoneos;
				SWIFT_COMPILATION_MODE = wholemodule;
				SWIFT_OPTIMIZATION_LEVEL = "-O";
				VALIDATE_PRODUCT = YES;
			};
			name = Release;
		};
		4FBDD946209AB1FD00C6D3A7 /* Debug */ = {
			isa = XCBuildConfiguration;
			buildSettings = {
				ASSETCATALOG_COMPILER_APPICON_NAME = AppIcon;
				CODE_SIGN_STYLE = Automatic;
				DEVELOPMENT_TEAM = 857SMZQ3R8;
				INFOPLIST_FILE = DynamicBannerView/Info.plist;
				LD_RUNPATH_SEARCH_PATHS = (
					"$(inherited)",
					"@executable_path/Frameworks",
				);
				PRODUCT_BUNDLE_IDENTIFIER = com.jameskuo12345.DynamicBannerView;
				PRODUCT_NAME = "$(TARGET_NAME)";
				SWIFT_VERSION = 4.0;
				TARGETED_DEVICE_FAMILY = "1,2";
			};
			name = Debug;
		};
		4FBDD947209AB1FD00C6D3A7 /* Release */ = {
			isa = XCBuildConfiguration;
			buildSettings = {
				ASSETCATALOG_COMPILER_APPICON_NAME = AppIcon;
				CODE_SIGN_STYLE = Automatic;
				DEVELOPMENT_TEAM = 857SMZQ3R8;
				INFOPLIST_FILE = DynamicBannerView/Info.plist;
				LD_RUNPATH_SEARCH_PATHS = (
					"$(inherited)",
					"@executable_path/Frameworks",
				);
				PRODUCT_BUNDLE_IDENTIFIER = com.jameskuo12345.DynamicBannerView;
				PRODUCT_NAME = "$(TARGET_NAME)";
				SWIFT_VERSION = 4.0;
				TARGETED_DEVICE_FAMILY = "1,2";
			};
			name = Release;
		};
/* End XCBuildConfiguration section */

/* Begin XCConfigurationList section */
		4FBDD92E209AB1FA00C6D3A7 /* Build configuration list for PBXProject "DynamicBannerView" */ = {
			isa = XCConfigurationList;
			buildConfigurations = (
				4FBDD943209AB1FD00C6D3A7 /* Debug */,
				4FBDD944209AB1FD00C6D3A7 /* Release */,
			);
			defaultConfigurationIsVisible = 0;
			defaultConfigurationName = Release;
		};
		4FBDD945209AB1FD00C6D3A7 /* Build configuration list for PBXNativeTarget "DynamicBannerView" */ = {
			isa = XCConfigurationList;
			buildConfigurations = (
				4FBDD946209AB1FD00C6D3A7 /* Debug */,
				4FBDD947209AB1FD00C6D3A7 /* Release */,
			);
			defaultConfigurationIsVisible = 0;
			defaultConfigurationName = Release;
		};
/* End XCConfigurationList section */
	};
	rootObject = 4FBDD92B209AB1FA00C6D3A7 /* Project object */;
}
